
Microsoft Visual Studio Solution File, Format Version 12.00
# Visual Studio Version 17
VisualStudioVersion = 17.7.34031.279
MinimumVisualStudioVersion = 10.0.40219.1
Project("{FAE04EC0-301F-11D3-BF4B-00C04F79EFBC}") = "ejercicioFichero3", "ejercicioFichero3.csproj", "{7CC54F10-DC54-4F15-8838-1DD387AEE9DE}"
EndProject
Global
	GlobalSection(SolutionConfigurationPlatforms) = preSolution
		Debug|Any CPU = Debug|Any CPU
		Release|Any CPU = Release|Any CPU
	EndGlobalSection
	GlobalSection(ProjectConfigurationPlatforms) = postSolution
		{7CC54F10-DC54-4F15-8838-1DD387AEE9DE}.Debug|Any CPU.ActiveCfg = Debug|Any CPU
		{7CC54F10-DC54-4F15-8838-1DD387AEE9DE}.Debug|Any CPU.Build.0 = Debug|Any CPU
		{7CC54F10-DC54-4F15-8838-1DD387AEE9DE}.Release|Any CPU.ActiveCfg = Release|Any CPU
		{7CC54F10-DC54-4F15-8838-1DD387AEE9DE}.Release|Any CPU.Build.0 = Release|Any CPU
	EndGlobalSection
	GlobalSection(SolutionProperties) = preSolution
		HideSolutionNode = FALSE
	EndGlobalSection
	GlobalSection(ExtensibilityGlobals) = postSolution
		SolutionGuid = {B8D0604B-2701-41A5-9B6B-9D01648E165E}
	EndGlobalSection
EndGlobal
